
Microsoft Visual Studio Solution File, Format Version 12.00
# Visual Studio Version 16
VisualStudioVersion = 16.0.30621.155
MinimumVisualStudioVersion = 10.0.40219.1
Project("{FAE04EC0-301F-11D3-BF4B-00C04F79EFBC}") = "blogApp", "blogApp\blogApp.csproj", "{B3D6F686-CF03-41DB-84E3-5BCCC7E83CC0}"
EndProject
Global
	GlobalSection(SolutionConfigurationPlatforms) = preSolution
		Debug|Any CPU = Debug|Any CPU
		Release|Any CPU = Release|Any CPU
	EndGlobalSection
	GlobalSection(ProjectConfigurationPlatforms) = postSolution
		{B3D6F686-CF03-41DB-84E3-5BCCC7E83CC0}.Debug|Any CPU.ActiveCfg = Debug|Any CPU
		{B3D6F686-CF03-41DB-84E3-5BCCC7E83CC0}.Debug|Any CPU.Build.0 = Debug|Any CPU
		{B3D6F686-CF03-41DB-84E3-5BCCC7E83CC0}.Release|Any CPU.ActiveCfg = Release|Any CPU
		{B3D6F686-CF03-41DB-84E3-5BCCC7E83CC0}.Release|Any CPU.Build.0 = Release|Any CPU
	EndGlobalSection
	GlobalSection(SolutionProperties) = preSolution
		HideSolutionNode = FALSE
	EndGlobalSection
	GlobalSection(ExtensibilityGlobals) = postSolution
		SolutionGuid = {99E901BC-4039-41BF-92BE-E731565EE6D4}
	EndGlobalSection
EndGlobal
